// !$*UTF8*$!
{
	archiveVersion = 1;
	classes = {
	};
	objectVersion = 56;
	objects = {

/* Begin PBXBuildFile section */
		0821A3DD2949EA2500655574 /* BadgesGrid.swift in Sources */ = {isa = PBXBuildFile; fileRef = 0821A3DC2949EA2500655574 /* BadgesGrid.swift */; };
		0821A3DF294A183400655574 /* BadgeInProgress.swift in Sources */ = {isa = PBXBuildFile; fileRef = 0821A3DE294A183400655574 /* BadgeInProgress.swift */; };
		0821A3E9294A1AFB00655574 /* CircularProgressView in Frameworks */ = {isa = PBXBuildFile; productRef = 0821A3E8294A1AFB00655574 /* CircularProgressView */; };
		082883FA2949392700516ED4 /* ProfileInfo.swift in Sources */ = {isa = PBXBuildFile; fileRef = 082883F92949392700516ED4 /* ProfileInfo.swift */; };
		084832EF29311D9D00D380E7 /* RezeptViewCustomImage.swift in Sources */ = {isa = PBXBuildFile; fileRef = 084832EE29311D9D00D380E7 /* RezeptViewCustomImage.swift */; };
		084832F1293158C600D380E7 /* ProfileImageCircle.swift in Sources */ = {isa = PBXBuildFile; fileRef = 084832F0293158C600D380E7 /* ProfileImageCircle.swift */; };
		084832F329316F0D00D380E7 /* Rezept.swift in Sources */ = {isa = PBXBuildFile; fileRef = 084832F229316F0D00D380E7 /* Rezept.swift */; };
		084832F52931754B00D380E7 /* RezeptDaten.json in Resources */ = {isa = PBXBuildFile; fileRef = 084832F42931754B00D380E7 /* RezeptDaten.json */; };
		084832F72931797200D380E7 /* ModelData.swift in Sources */ = {isa = PBXBuildFile; fileRef = 084832F62931797200D380E7 /* ModelData.swift */; };
		084832F9293179FA00D380E7 /* RezeptRow.swift in Sources */ = {isa = PBXBuildFile; fileRef = 084832F8293179FA00D380E7 /* RezeptRow.swift */; };
		084832FD293184AD00D380E7 /* RezeptListe.swift in Sources */ = {isa = PBXBuildFile; fileRef = 084832FC293184AD00D380E7 /* RezeptListe.swift */; };
		08EDE0B628F9B6F700BBF02F /* LocalFoodApp.swift in Sources */ = {isa = PBXBuildFile; fileRef = 08EDE0B528F9B6F700BBF02F /* LocalFoodApp.swift */; };
		08EDE0B828F9B6F700BBF02F /* ContentView.swift in Sources */ = {isa = PBXBuildFile; fileRef = 08EDE0B728F9B6F700BBF02F /* ContentView.swift */; };
		08EDE0BA28F9B6F800BBF02F /* Assets.xcassets in Resources */ = {isa = PBXBuildFile; fileRef = 08EDE0B928F9B6F800BBF02F /* Assets.xcassets */; };
		08EDE0BD28F9B6F800BBF02F /* Preview Assets.xcassets in Resources */ = {isa = PBXBuildFile; fileRef = 08EDE0BC28F9B6F800BBF02F /* Preview Assets.xcassets */; };
		08EDE0BF28F9B6F800BBF02F /* Persistence.swift in Sources */ = {isa = PBXBuildFile; fileRef = 08EDE0BE28F9B6F800BBF02F /* Persistence.swift */; };
		08EDE0C228F9B6F800BBF02F /* LocalFood.xcdatamodeld in Sources */ = {isa = PBXBuildFile; fileRef = 08EDE0C028F9B6F800BBF02F /* LocalFood.xcdatamodeld */; };
		08EDE0C928FA0B3700BBF02F /* RezeptView.swift in Sources */ = {isa = PBXBuildFile; fileRef = 08EDE0C828FA0B3700BBF02F /* RezeptView.swift */; };
		CF4D8DD929197B0000857208 /* ImageSlider.swift in Sources */ = {isa = PBXBuildFile; fileRef = CF4D8DD829197B0000857208 /* ImageSlider.swift */; };
		CF549D1C2919A1F2008ACDC4 /* TabBarIcon.swift in Sources */ = {isa = PBXBuildFile; fileRef = CF549D1B2919A1F2008ACDC4 /* TabBarIcon.swift */; };
		CF700EB5291AACC800382B42 /* TabBar.swift in Sources */ = {isa = PBXBuildFile; fileRef = CF700EB4291AACC800382B42 /* TabBar.swift */; };
		CFDCD778291BD1E700A4FB9B /* ProfilView.swift in Sources */ = {isa = PBXBuildFile; fileRef = CFDCD777291BD1E700A4FB9B /* ProfilView.swift */; };
		CFDCD77A291BD2F900A4FB9B /* ChallengeView.swift in Sources */ = {isa = PBXBuildFile; fileRef = CFDCD779291BD2F900A4FB9B /* ChallengeView.swift */; };
/* End PBXBuildFile section */

/* Begin PBXFileReference section */
		0821A3DC2949EA2500655574 /* BadgesGrid.swift */ = {isa = PBXFileReference; lastKnownFileType = sourcecode.swift; path = BadgesGrid.swift; sourceTree = "<group>"; };
		0821A3DE294A183400655574 /* BadgeInProgress.swift */ = {isa = PBXFileReference; lastKnownFileType = sourcecode.swift; path = BadgeInProgress.swift; sourceTree = "<group>"; };
		082883F92949392700516ED4 /* ProfileInfo.swift */ = {isa = PBXFileReference; lastKnownFileType = sourcecode.swift; path = ProfileInfo.swift; sourceTree = "<group>"; };
		084832EE29311D9D00D380E7 /* RezeptViewCustomImage.swift */ = {isa = PBXFileReference; lastKnownFileType = sourcecode.swift; path = RezeptViewCustomImage.swift; sourceTree = "<group>"; };
		084832F0293158C600D380E7 /* ProfileImageCircle.swift */ = {isa = PBXFileReference; lastKnownFileType = sourcecode.swift; path = ProfileImageCircle.swift; sourceTree = "<group>"; };
		084832F229316F0D00D380E7 /* Rezept.swift */ = {isa = PBXFileReference; lastKnownFileType = sourcecode.swift; path = Rezept.swift; sourceTree = "<group>"; };
		084832F42931754B00D380E7 /* RezeptDaten.json */ = {isa = PBXFileReference; fileEncoding = 4; lastKnownFileType = text.json; path = RezeptDaten.json; sourceTree = "<group>"; };
		084832F62931797200D380E7 /* ModelData.swift */ = {isa = PBXFileReference; lastKnownFileType = sourcecode.swift; path = ModelData.swift; sourceTree = "<group>"; };
		084832F8293179FA00D380E7 /* RezeptRow.swift */ = {isa = PBXFileReference; lastKnownFileType = sourcecode.swift; path = RezeptRow.swift; sourceTree = "<group>"; };
		084832FC293184AD00D380E7 /* RezeptListe.swift */ = {isa = PBXFileReference; lastKnownFileType = sourcecode.swift; path = RezeptListe.swift; sourceTree = "<group>"; };
		08EDE0B228F9B6F700BBF02F /* LocalFood.app */ = {isa = PBXFileReference; explicitFileType = wrapper.application; includeInIndex = 0; path = LocalFood.app; sourceTree = BUILT_PRODUCTS_DIR; };
		08EDE0B528F9B6F700BBF02F /* LocalFoodApp.swift */ = {isa = PBXFileReference; lastKnownFileType = sourcecode.swift; path = LocalFoodApp.swift; sourceTree = "<group>"; };
		08EDE0B728F9B6F700BBF02F /* ContentView.swift */ = {isa = PBXFileReference; lastKnownFileType = sourcecode.swift; path = ContentView.swift; sourceTree = "<group>"; };
		08EDE0B928F9B6F800BBF02F /* Assets.xcassets */ = {isa = PBXFileReference; lastKnownFileType = folder.assetcatalog; path = Assets.xcassets; sourceTree = "<group>"; };
		08EDE0BC28F9B6F800BBF02F /* Preview Assets.xcassets */ = {isa = PBXFileReference; lastKnownFileType = folder.assetcatalog; path = "Preview Assets.xcassets"; sourceTree = "<group>"; };
		08EDE0BE28F9B6F800BBF02F /* Persistence.swift */ = {isa = PBXFileReference; lastKnownFileType = sourcecode.swift; path = Persistence.swift; sourceTree = "<group>"; };
		08EDE0C128F9B6F800BBF02F /* LocalFood.xcdatamodel */ = {isa = PBXFileReference; lastKnownFileType = wrapper.xcdatamodel; path = LocalFood.xcdatamodel; sourceTree = "<group>"; };
		08EDE0C828FA0B3700BBF02F /* RezeptView.swift */ = {isa = PBXFileReference; lastKnownFileType = sourcecode.swift; path = RezeptView.swift; sourceTree = "<group>"; };
		CF4D8DD829197B0000857208 /* ImageSlider.swift */ = {isa = PBXFileReference; lastKnownFileType = sourcecode.swift; path = ImageSlider.swift; sourceTree = "<group>"; };
		CF549D1B2919A1F2008ACDC4 /* TabBarIcon.swift */ = {isa = PBXFileReference; lastKnownFileType = sourcecode.swift; path = TabBarIcon.swift; sourceTree = "<group>"; };
		CF700EB4291AACC800382B42 /* TabBar.swift */ = {isa = PBXFileReference; lastKnownFileType = sourcecode.swift; path = TabBar.swift; sourceTree = "<group>"; };
		CFDCD777291BD1E700A4FB9B /* ProfilView.swift */ = {isa = PBXFileReference; lastKnownFileType = sourcecode.swift; path = ProfilView.swift; sourceTree = "<group>"; };
		CFDCD779291BD2F900A4FB9B /* ChallengeView.swift */ = {isa = PBXFileReference; lastKnownFileType = sourcecode.swift; path = ChallengeView.swift; sourceTree = "<group>"; };
/* End PBXFileReference section */

/* Begin PBXFrameworksBuildPhase section */
		08EDE0AF28F9B6F700BBF02F /* Frameworks */ = {
			isa = PBXFrameworksBuildPhase;
			buildActionMask = 2147483647;
			files = (
				0821A3E9294A1AFB00655574 /* CircularProgressView in Frameworks */,
			);
			runOnlyForDeploymentPostprocessing = 0;
		};
/* End PBXFrameworksBuildPhase section */

/* Begin PBXGroup section */
		0821A3DB2949DE1300655574 /* Profile */ = {
			isa = PBXGroup;
			children = (
				CFDCD777291BD1E700A4FB9B /* ProfilView.swift */,
				082883F92949392700516ED4 /* ProfileInfo.swift */,
				0821A3DC2949EA2500655574 /* BadgesGrid.swift */,
				0821A3DE294A183400655574 /* BadgeInProgress.swift */,
			);
			name = Profile;
			sourceTree = "<group>";
		};
		08EDE0A928F9B6F700BBF02F = {
			isa = PBXGroup;
			children = (
				08EDE0B428F9B6F700BBF02F /* LocalFood */,
				08EDE0B328F9B6F700BBF02F /* Products */,
			);
			sourceTree = "<group>";
		};
		08EDE0B328F9B6F700BBF02F /* Products */ = {
			isa = PBXGroup;
			children = (
				08EDE0B228F9B6F700BBF02F /* LocalFood.app */,
			);
			name = Products;
			sourceTree = "<group>";
		};
		08EDE0B428F9B6F700BBF02F /* LocalFood */ = {
			isa = PBXGroup;
			children = (
				08EDE0CF28FA12FD00BBF02F /* Resources */,
				08EDE0CE28FA12F800BBF02F /* Controller */,
				08EDE0CD28FA12F200BBF02F /* Model */,
				08EDE0CA28FA12B300BBF02F /* View */,
				08EDE0B528F9B6F700BBF02F /* LocalFoodApp.swift */,
				08EDE0B928F9B6F800BBF02F /* Assets.xcassets */,
				08EDE0BE28F9B6F800BBF02F /* Persistence.swift */,
				08EDE0C028F9B6F800BBF02F /* LocalFood.xcdatamodeld */,
				08EDE0BB28F9B6F800BBF02F /* Preview Content */,
			);
			path = LocalFood;
			sourceTree = "<group>";
		};
		08EDE0BB28F9B6F800BBF02F /* Preview Content */ = {
			isa = PBXGroup;
			children = (
				08EDE0BC28F9B6F800BBF02F /* Preview Assets.xcassets */,
			);
			path = "Preview Content";
			sourceTree = "<group>";
		};
		08EDE0CA28FA12B300BBF02F /* View */ = {
			isa = PBXGroup;
			children = (
				0821A3DB2949DE1300655574 /* Profile */,
				08EDE0B728F9B6F700BBF02F /* ContentView.swift */,
				084832F0293158C600D380E7 /* ProfileImageCircle.swift */,
				084832EE29311D9D00D380E7 /* RezeptViewCustomImage.swift */,
				CF4D8DD829197B0000857208 /* ImageSlider.swift */,
				CF549D1B2919A1F2008ACDC4 /* TabBarIcon.swift */,
				CF700EB4291AACC800382B42 /* TabBar.swift */,
				CFDCD779291BD2F900A4FB9B /* ChallengeView.swift */,
				084832F8293179FA00D380E7 /* RezeptRow.swift */,
				084832FC293184AD00D380E7 /* RezeptListe.swift */,
				08EDE0C828FA0B3700BBF02F /* RezeptView.swift */,
			);
			path = View;
			sourceTree = "<group>";
		};
		08EDE0CD28FA12F200BBF02F /* Model */ = {
			isa = PBXGroup;
			children = (
				084832F229316F0D00D380E7 /* Rezept.swift */,
				084832F62931797200D380E7 /* ModelData.swift */,
			);
			path = Model;
			sourceTree = "<group>";
		};
		08EDE0CE28FA12F800BBF02F /* Controller */ = {
			isa = PBXGroup;
			children = (
			);
			path = Controller;
			sourceTree = "<group>";
		};
		08EDE0CF28FA12FD00BBF02F /* Resources */ = {
			isa = PBXGroup;
			children = (
				084832F42931754B00D380E7 /* RezeptDaten.json */,
			);
			path = Resources;
			sourceTree = "<group>";
		};
/* End PBXGroup section */

/* Begin PBXNativeTarget section */
		08EDE0B128F9B6F700BBF02F /* LocalFood */ = {
			isa = PBXNativeTarget;
			buildConfigurationList = 08EDE0C528F9B6F800BBF02F /* Build configuration list for PBXNativeTarget "LocalFood" */;
			buildPhases = (
				08EDE0AE28F9B6F700BBF02F /* Sources */,
				08EDE0AF28F9B6F700BBF02F /* Frameworks */,
				08EDE0B028F9B6F700BBF02F /* Resources */,
			);
			buildRules = (
			);
			dependencies = (
			);
			name = LocalFood;
			packageProductDependencies = (
				0821A3E8294A1AFB00655574 /* CircularProgressView */,
			);
			productName = LocalFood;
			productReference = 08EDE0B228F9B6F700BBF02F /* LocalFood.app */;
			productType = "com.apple.product-type.application";
		};
/* End PBXNativeTarget section */

/* Begin PBXProject section */
		08EDE0AA28F9B6F700BBF02F /* Project object */ = {
			isa = PBXProject;
			attributes = {
				BuildIndependentTargetsInParallel = 1;
				LastSwiftUpdateCheck = 1400;
				LastUpgradeCheck = 1400;
				TargetAttributes = {
					08EDE0B128F9B6F700BBF02F = {
						CreatedOnToolsVersion = 14.0.1;
					};
				};
			};
			buildConfigurationList = 08EDE0AD28F9B6F700BBF02F /* Build configuration list for PBXProject "LocalFood" */;
			compatibilityVersion = "Xcode 14.0";
			developmentRegion = en;
			hasScannedForEncodings = 0;
			knownRegions = (
				en,
				Base,
			);
			mainGroup = 08EDE0A928F9B6F700BBF02F;
			packageReferences = (
				0821A3E7294A1AFB00655574 /* XCRemoteSwiftPackageReference "CircularProgressView" */,
			);
			productRefGroup = 08EDE0B328F9B6F700BBF02F /* Products */;
			projectDirPath = "";
			projectRoot = "";
			targets = (
				08EDE0B128F9B6F700BBF02F /* LocalFood */,
			);
		};
/* End PBXProject section */

/* Begin PBXResourcesBuildPhase section */
		08EDE0B028F9B6F700BBF02F /* Resources */ = {
			isa = PBXResourcesBuildPhase;
			buildActionMask = 2147483647;
			files = (
				08EDE0BD28F9B6F800BBF02F /* Preview Assets.xcassets in Resources */,
				08EDE0BA28F9B6F800BBF02F /* Assets.xcassets in Resources */,
				084832F52931754B00D380E7 /* RezeptDaten.json in Resources */,
			);
			runOnlyForDeploymentPostprocessing = 0;
		};
/* End PBXResourcesBuildPhase section */

/* Begin PBXSourcesBuildPhase section */
		08EDE0AE28F9B6F700BBF02F /* Sources */ = {
			isa = PBXSourcesBuildPhase;
			buildActionMask = 2147483647;
			files = (
				CF700EB5291AACC800382B42 /* TabBar.swift in Sources */,
				0821A3DF294A183400655574 /* BadgeInProgress.swift in Sources */,
				084832F329316F0D00D380E7 /* Rezept.swift in Sources */,
				084832F9293179FA00D380E7 /* RezeptRow.swift in Sources */,
				CF549D1C2919A1F2008ACDC4 /* TabBarIcon.swift in Sources */,
				08EDE0BF28F9B6F800BBF02F /* Persistence.swift in Sources */,
				CF4D8DD929197B0000857208 /* ImageSlider.swift in Sources */,
				084832EF29311D9D00D380E7 /* RezeptViewCustomImage.swift in Sources */,
				084832FD293184AD00D380E7 /* RezeptListe.swift in Sources */,
				08EDE0C228F9B6F800BBF02F /* LocalFood.xcdatamodeld in Sources */,
				0821A3DD2949EA2500655574 /* BadgesGrid.swift in Sources */,
				CFDCD778291BD1E700A4FB9B /* ProfilView.swift in Sources */,
				08EDE0B828F9B6F700BBF02F /* ContentView.swift in Sources */,
				082883FA2949392700516ED4 /* ProfileInfo.swift in Sources */,
				08EDE0B628F9B6F700BBF02F /* LocalFoodApp.swift in Sources */,
				084832F1293158C600D380E7 /* ProfileImageCircle.swift in Sources */,
				CFDCD77A291BD2F900A4FB9B /* ChallengeView.swift in Sources */,
				08EDE0C928FA0B3700BBF02F /* RezeptView.swift in Sources */,
				084832F72931797200D380E7 /* ModelData.swift in Sources */,
			);
			runOnlyForDeploymentPostprocessing = 0;
		};
/* End PBXSourcesBuildPhase section */

/* Begin XCBuildConfiguration section */
		08EDE0C328F9B6F800BBF02F /* Debug */ = {
			isa = XCBuildConfiguration;
			buildSettings = {
				ALWAYS_SEARCH_USER_PATHS = NO;
				CLANG_ANALYZER_NONNULL = YES;
				CLANG_ANALYZER_NUMBER_OBJECT_CONVERSION = YES_AGGRESSIVE;
				CLANG_CXX_LANGUAGE_STANDARD = "gnu++20";
				CLANG_ENABLE_MODULES = YES;
				CLANG_ENABLE_OBJC_ARC = YES;
				CLANG_ENABLE_OBJC_WEAK = YES;
				CLANG_WARN_BLOCK_CAPTURE_AUTORELEASING = YES;
				CLANG_WARN_BOOL_CONVERSION = YES;
				CLANG_WARN_COMMA = YES;
				CLANG_WARN_CONSTANT_CONVERSION = YES;
				CLANG_WARN_DEPRECATED_OBJC_IMPLEMENTATIONS = YES;
				CLANG_WARN_DIRECT_OBJC_ISA_USAGE = YES_ERROR;
				CLANG_WARN_DOCUMENTATION_COMMENTS = YES;
				CLANG_WARN_EMPTY_BODY = YES;
				CLANG_WARN_ENUM_CONVERSION = YES;
				CLANG_WARN_INFINITE_RECURSION = YES;
				CLANG_WARN_INT_CONVERSION = YES;
				CLANG_WARN_NON_LITERAL_NULL_CONVERSION = YES;
				CLANG_WARN_OBJC_IMPLICIT_RETAIN_SELF = YES;
				CLANG_WARN_OBJC_LITERAL_CONVERSION = YES;
				CLANG_WARN_OBJC_ROOT_CLASS = YES_ERROR;
				CLANG_WARN_QUOTED_INCLUDE_IN_FRAMEWORK_HEADER = YES;
				CLANG_WARN_RANGE_LOOP_ANALYSIS = YES;
				CLANG_WARN_STRICT_PROTOTYPES = YES;
				CLANG_WARN_SUSPICIOUS_MOVE = YES;
				CLANG_WARN_UNGUARDED_AVAILABILITY = YES_AGGRESSIVE;
				CLANG_WARN_UNREACHABLE_CODE = YES;
				CLANG_WARN__DUPLICATE_METHOD_MATCH = YES;
				COPY_PHASE_STRIP = NO;
				DEBUG_INFORMATION_FORMAT = dwarf;
				ENABLE_STRICT_OBJC_MSGSEND = YES;
				ENABLE_TESTABILITY = YES;
				GCC_C_LANGUAGE_STANDARD = gnu11;
				GCC_DYNAMIC_NO_PIC = NO;
				GCC_NO_COMMON_BLOCKS = YES;
				GCC_OPTIMIZATION_LEVEL = 0;
				GCC_PREPROCESSOR_DEFINITIONS = (
					"DEBUG=1",
					"$(inherited)",
				);
				GCC_WARN_64_TO_32_BIT_CONVERSION = YES;
				GCC_WARN_ABOUT_RETURN_TYPE = YES_ERROR;
				GCC_WARN_UNDECLARED_SELECTOR = YES;
				GCC_WARN_UNINITIALIZED_AUTOS = YES_AGGRESSIVE;
				GCC_WARN_UNUSED_FUNCTION = YES;
				GCC_WARN_UNUSED_VARIABLE = YES;
				IPHONEOS_DEPLOYMENT_TARGET = 16.0;
				MTL_ENABLE_DEBUG_INFO = INCLUDE_SOURCE;
				MTL_FAST_MATH = YES;
				ONLY_ACTIVE_ARCH = YES;
				SDKROOT = iphoneos;
				SWIFT_ACTIVE_COMPILATION_CONDITIONS = DEBUG;
				SWIFT_OPTIMIZATION_LEVEL = "-Onone";
			};
			name = Debug;
		};
		08EDE0C428F9B6F800BBF02F /* Release */ = {
			isa = XCBuildConfiguration;
			buildSettings = {
				ALWAYS_SEARCH_USER_PATHS = NO;
				CLANG_ANALYZER_NONNULL = YES;
				CLANG_ANALYZER_NUMBER_OBJECT_CONVERSION = YES_AGGRESSIVE;
				CLANG_CXX_LANGUAGE_STANDARD = "gnu++20";
				CLANG_ENABLE_MODULES = YES;
				CLANG_ENABLE_OBJC_ARC = YES;
				CLANG_ENABLE_OBJC_WEAK = YES;
				CLANG_WARN_BLOCK_CAPTURE_AUTORELEASING = YES;
				CLANG_WARN_BOOL_CONVERSION = YES;
				CLANG_WARN_COMMA = YES;
				CLANG_WARN_CONSTANT_CONVERSION = YES;
				CLANG_WARN_DEPRECATED_OBJC_IMPLEMENTATIONS = YES;
				CLANG_WARN_DIRECT_OBJC_ISA_USAGE = YES_ERROR;
				CLANG_WARN_DOCUMENTATION_COMMENTS = YES;
				CLANG_WARN_EMPTY_BODY = YES;
				CLANG_WARN_ENUM_CONVERSION = YES;
				CLANG_WARN_INFINITE_RECURSION = YES;
				CLANG_WARN_INT_CONVERSION = YES;
				CLANG_WARN_NON_LITERAL_NULL_CONVERSION = YES;
				CLANG_WARN_OBJC_IMPLICIT_RETAIN_SELF = YES;
				CLANG_WARN_OBJC_LITERAL_CONVERSION = YES;
				CLANG_WARN_OBJC_ROOT_CLASS = YES_ERROR;
				CLANG_WARN_QUOTED_INCLUDE_IN_FRAMEWORK_HEADER = YES;
				CLANG_WARN_RANGE_LOOP_ANALYSIS = YES;
				CLANG_WARN_STRICT_PROTOTYPES = YES;
				CLANG_WARN_SUSPICIOUS_MOVE = YES;
				CLANG_WARN_UNGUARDED_AVAILABILITY = YES_AGGRESSIVE;
				CLANG_WARN_UNREACHABLE_CODE = YES;
				CLANG_WARN__DUPLICATE_METHOD_MATCH = YES;
				COPY_PHASE_STRIP = NO;
				DEBUG_INFORMATION_FORMAT = "dwarf-with-dsym";
				ENABLE_NS_ASSERTIONS = NO;
				ENABLE_STRICT_OBJC_MSGSEND = YES;
				GCC_C_LANGUAGE_STANDARD = gnu11;
				GCC_NO_COMMON_BLOCKS = YES;
				GCC_WARN_64_TO_32_BIT_CONVERSION = YES;
				GCC_WARN_ABOUT_RETURN_TYPE = YES_ERROR;
				GCC_WARN_UNDECLARED_SELECTOR = YES;
				GCC_WARN_UNINITIALIZED_AUTOS = YES_AGGRESSIVE;
				GCC_WARN_UNUSED_FUNCTION = YES;
				GCC_WARN_UNUSED_VARIABLE = YES;
				IPHONEOS_DEPLOYMENT_TARGET = 16.0;
				MTL_ENABLE_DEBUG_INFO = NO;
				MTL_FAST_MATH = YES;
				SDKROOT = iphoneos;
				SWIFT_COMPILATION_MODE = wholemodule;
				SWIFT_OPTIMIZATION_LEVEL = "-O";
				VALIDATE_PRODUCT = YES;
			};
			name = Release;
		};
		08EDE0C628F9B6F800BBF02F /* Debug */ = {
			isa = XCBuildConfiguration;
			buildSettings = {
				ASSETCATALOG_COMPILER_APPICON_NAME = AppIcon;
				ASSETCATALOG_COMPILER_GLOBAL_ACCENT_COLOR_NAME = AccentColor;
				CODE_SIGN_STYLE = Automatic;
				CURRENT_PROJECT_VERSION = 1;
				DEVELOPMENT_ASSET_PATHS = "\"LocalFood/Preview Content\"";
				DEVELOPMENT_TEAM = 3D73QAQ7P7;
				ENABLE_PREVIEWS = YES;
				GENERATE_INFOPLIST_FILE = YES;
				INFOPLIST_KEY_UIApplicationSceneManifest_Generation = YES;
				INFOPLIST_KEY_UIApplicationSupportsIndirectInputEvents = YES;
				INFOPLIST_KEY_UILaunchScreen_Generation = YES;
				INFOPLIST_KEY_UISupportedInterfaceOrientations = UIInterfaceOrientationPortrait;
				LD_RUNPATH_SEARCH_PATHS = (
					"$(inherited)",
					"@executable_path/Frameworks",
				);
				MARKETING_VERSION = 1.0;
				PRODUCT_BUNDLE_IDENTIFIER = Behrens.LocalFood;
				PRODUCT_NAME = "$(TARGET_NAME)";
				SWIFT_EMIT_LOC_STRINGS = YES;
				SWIFT_VERSION = 5.0;
				TARGETED_DEVICE_FAMILY = "1,2";
			};
			name = Debug;
		};
		08EDE0C728F9B6F800BBF02F /* Release */ = {
			isa = XCBuildConfiguration;
			buildSettings = {
				ASSETCATALOG_COMPILER_APPICON_NAME = AppIcon;
				ASSETCATALOG_COMPILER_GLOBAL_ACCENT_COLOR_NAME = AccentColor;
				CODE_SIGN_STYLE = Automatic;
				CURRENT_PROJECT_VERSION = 1;
				DEVELOPMENT_ASSET_PATHS = "\"LocalFood/Preview Content\"";
				DEVELOPMENT_TEAM = 3D73QAQ7P7;
				ENABLE_PREVIEWS = YES;
				GENERATE_INFOPLIST_FILE = YES;
				INFOPLIST_KEY_UIApplicationSceneManifest_Generation = YES;
				INFOPLIST_KEY_UIApplicationSupportsIndirectInputEvents = YES;
				INFOPLIST_KEY_UILaunchScreen_Generation = YES;
				INFOPLIST_KEY_UISupportedInterfaceOrientations = UIInterfaceOrientationPortrait;
				LD_RUNPATH_SEARCH_PATHS = (
					"$(inherited)",
					"@executable_path/Frameworks",
				);
				MARKETING_VERSION = 1.0;
				PRODUCT_BUNDLE_IDENTIFIER = Behrens.LocalFood;
				PRODUCT_NAME = "$(TARGET_NAME)";
				SWIFT_EMIT_LOC_STRINGS = YES;
				SWIFT_VERSION = 5.0;
				TARGETED_DEVICE_FAMILY = "1,2";
			};
			name = Release;
		};
/* End XCBuildConfiguration section */

/* Begin XCConfigurationList section */
		08EDE0AD28F9B6F700BBF02F /* Build configuration list for PBXProject "LocalFood" */ = {
			isa = XCConfigurationList;
			buildConfigurations = (
				08EDE0C328F9B6F800BBF02F /* Debug */,
				08EDE0C428F9B6F800BBF02F /* Release */,
			);
			defaultConfigurationIsVisible = 0;
			defaultConfigurationName = Release;
		};
		08EDE0C528F9B6F800BBF02F /* Build configuration list for PBXNativeTarget "LocalFood" */ = {
			isa = XCConfigurationList;
			buildConfigurations = (
				08EDE0C628F9B6F800BBF02F /* Debug */,
				08EDE0C728F9B6F800BBF02F /* Release */,
			);
			defaultConfigurationIsVisible = 0;
			defaultConfigurationName = Release;
		};
/* End XCConfigurationList section */

/* Begin XCRemoteSwiftPackageReference section */
		0821A3E7294A1AFB00655574 /* XCRemoteSwiftPackageReference "CircularProgressView" */ = {
			isa = XCRemoteSwiftPackageReference;
			repositoryURL = "https://github.com/bdolewski/CircularProgressView.git";
			requirement = {
				branch = master;
				kind = branch;
			};
		};
/* End XCRemoteSwiftPackageReference section */

/* Begin XCSwiftPackageProductDependency section */
		0821A3E8294A1AFB00655574 /* CircularProgressView */ = {
			isa = XCSwiftPackageProductDependency;
			package = 0821A3E7294A1AFB00655574 /* XCRemoteSwiftPackageReference "CircularProgressView" */;
			productName = CircularProgressView;
		};
/* End XCSwiftPackageProductDependency section */

/* Begin XCVersionGroup section */
		08EDE0C028F9B6F800BBF02F /* LocalFood.xcdatamodeld */ = {
			isa = XCVersionGroup;
			children = (
				08EDE0C128F9B6F800BBF02F /* LocalFood.xcdatamodel */,
			);
			currentVersion = 08EDE0C128F9B6F800BBF02F /* LocalFood.xcdatamodel */;
			path = LocalFood.xcdatamodeld;
			sourceTree = "<group>";
			versionGroupType = wrapper.xcdatamodel;
		};
/* End XCVersionGroup section */
	};
	rootObject = 08EDE0AA28F9B6F700BBF02F /* Project object */;
}
